
Microsoft Visual Studio Solution File, Format Version 12.00
# Visual Studio Version 16
VisualStudioVersion = 16.0.33927.289
MinimumVisualStudioVersion = 10.0.40219.1
Project("{2150E333-8FDC-42A3-9474-1A3956D46DE8}") = "Taks0", "Taks0", "{890D610C-5D9A-4129-B632-C9B6BE804224}"
EndProject
Project("{2150E333-8FDC-42A3-9474-1A3956D46DE8}") = "Task1", "Task1", "{58D5C0E4-C205-4D36-A9D7-7B91CFD1D6F2}"
EndProject
Project("{2150E333-8FDC-42A3-9474-1A3956D46DE8}") = "Task2", "Task2", "{B0A1AC86-BC3B-4989-8951-1DFAFED899E1}"
EndProject
Project("{2150E333-8FDC-42A3-9474-1A3956D46DE8}") = "Task3", "Task3", "{B4FF01D6-B3B9-46C6-8C38-11DB03981AC8}"
EndProject
Project("{FAE04EC0-301F-11D3-BF4B-00C04F79EFBC}") = "Tyuiu.ShabukovDV.Sprint5.Task0.V14", "Tyuiu.ShabukovDV.Sprint5.Task0.V14\Tyuiu.ShabukovDV.Sprint5.Task0.V14.csproj", "{ADC77A11-0B93-44CE-835C-3249E3C2D76F}"
EndProject
Project("{FAE04EC0-301F-11D3-BF4B-00C04F79EFBC}") = "Tyuiu.ShabukovDV.Sprint5.Task0.V14.Test", "Tyuiu.ShabukovDV.Sprint5.Task0.V14.Test\Tyuiu.ShabukovDV.Sprint5.Task0.V14.Test.csproj", "{33D06A99-E04C-420B-81DF-747AE2EFBED3}"
EndProject
Project("{FAE04EC0-301F-11D3-BF4B-00C04F79EFBC}") = "Tyuiu.ShabukovDV.Sprint5.Task0.V14.Lib", "Tyuiu.ShabukovDV.Sprint5.Task0.V14.Lib\Tyuiu.ShabukovDV.Sprint5.Task0.V14.Lib.csproj", "{1C17FECC-4DC1-4D83-BD0E-2F9CAAC7C38F}"
EndProject
Project("{FAE04EC0-301F-11D3-BF4B-00C04F79EFBC}") = "Tyuiu.ShabukovDV.Sprint5.Task0.V16", "Tyuiu.ShabukovDV.Sprint5.Task0.V16\Tyuiu.ShabukovDV.Sprint5.Task0.V16.csproj", "{A5E7864E-38AC-42F4-A7EC-42CBB40BF321}"
EndProject
Project("{FAE04EC0-301F-11D3-BF4B-00C04F79EFBC}") = "Tyuiu.ShabukovDV.Sprint5.Task0.V16.Test", "Tyuiu.ShabukovDV.Sprint5.Task0.V16.Test\Tyuiu.ShabukovDV.Sprint5.Task0.V16.Test.csproj", "{1E313043-1C65-4E7E-A7CB-17822D4BD90E}"
EndProject
Project("{FAE04EC0-301F-11D3-BF4B-00C04F79EFBC}") = "Tyuiu.ShabukovDV.Sprint5.Task0.V16.Lib", "Tyuiu.ShabukovDV.Sprint5.Task0.V16.Lib\Tyuiu.ShabukovDV.Sprint5.Task0.V16.Lib.csproj", "{A088A7A6-E560-472F-A4F3-3F0443CB4EC1}"
EndProject
Project("{FAE04EC0-301F-11D3-BF4B-00C04F79EFBC}") = "Tyuiu.ShabukovDV.Sprint5.Task2.V21", "Tyuiu.ShabukovDV.Sprint5.Task2.V21\Tyuiu.ShabukovDV.Sprint5.Task2.V21.csproj", "{F6D99F9E-26D4-43DC-B65C-52252B058653}"
EndProject
Project("{FAE04EC0-301F-11D3-BF4B-00C04F79EFBC}") = "Tyuiu.ShabukovDV.Sprint5.Task2.V21.Test", "Tyuiu.ShabukovDV.Sprint5.Task2.V21.Test\Tyuiu.ShabukovDV.Sprint5.Task2.V21.Test.csproj", "{71DE5E00-02E7-4C1F-9F3D-FB23F960C1C7}"
EndProject
Project("{FAE04EC0-301F-11D3-BF4B-00C04F79EFBC}") = "Tyuiu.ShabukovDV.Sprint5.Task2.V21.Lib", "Tyuiu.ShabukovDV.Sprint5.Task2.V21.Lib\Tyuiu.ShabukovDV.Sprint5.Task2.V21.Lib.csproj", "{FB8705B2-E400-4C40-833A-A6DADA878323}"
EndProject
Project("{FAE04EC0-301F-11D3-BF4B-00C04F79EFBC}") = "Tyuiu.ShabukovDV.Sprint5.Task3.V5", "Tyuiu.ShabukovDV.Sprint5.Task3.V5\Tyuiu.ShabukovDV.Sprint5.Task3.V5.csproj", "{2D3AF018-140F-425C-A69E-8FDCA45E8128}"
EndProject
Project("{FAE04EC0-301F-11D3-BF4B-00C04F79EFBC}") = "Tyuiu.ShabukovDV.Sprint5.Task3.V5.Test", "Tyuiu.ShabukovDV.Sprint5.Task3.V5.Test\Tyuiu.ShabukovDV.Sprint5.Task3.V5.Test.csproj", "{2D49FC88-6F6E-42C4-AD06-A8B41CB143F9}"
EndProject
Project("{FAE04EC0-301F-11D3-BF4B-00C04F79EFBC}") = "Tyuiu.ShabukovDV.Sprint5.Task3.V5.Lib", "Tyuiu.ShabukovDV.Sprint5.Task3.V5.Lib\Tyuiu.ShabukovDV.Sprint5.Task3.V5.Lib.csproj", "{9B3F7C1A-80CA-4788-8F59-F73E9BD34CC9}"
EndProject
Global
	GlobalSection(SolutionConfigurationPlatforms) = preSolution
		Debug|Any CPU = Debug|Any CPU
		Release|Any CPU = Release|Any CPU
	EndGlobalSection
	GlobalSection(ProjectConfigurationPlatforms) = postSolution
		{ADC77A11-0B93-44CE-835C-3249E3C2D76F}.Debug|Any CPU.ActiveCfg = Debug|Any CPU
		{ADC77A11-0B93-44CE-835C-3249E3C2D76F}.Debug|Any CPU.Build.0 = Debug|Any CPU
		{ADC77A11-0B93-44CE-835C-3249E3C2D76F}.Release|Any CPU.ActiveCfg = Release|Any CPU
		{ADC77A11-0B93-44CE-835C-3249E3C2D76F}.Release|Any CPU.Build.0 = Release|Any CPU
		{33D06A99-E04C-420B-81DF-747AE2EFBED3}.Debug|Any CPU.ActiveCfg = Debug|Any CPU
		{33D06A99-E04C-420B-81DF-747AE2EFBED3}.Debug|Any CPU.Build.0 = Debug|Any CPU
		{33D06A99-E04C-420B-81DF-747AE2EFBED3}.Release|Any CPU.ActiveCfg = Release|Any CPU
		{33D06A99-E04C-420B-81DF-747AE2EFBED3}.Release|Any CPU.Build.0 = Release|Any CPU
		{1C17FECC-4DC1-4D83-BD0E-2F9CAAC7C38F}.Debug|Any CPU.ActiveCfg = Debug|Any CPU
		{1C17FECC-4DC1-4D83-BD0E-2F9CAAC7C38F}.Debug|Any CPU.Build.0 = Debug|Any CPU
		{1C17FECC-4DC1-4D83-BD0E-2F9CAAC7C38F}.Release|Any CPU.ActiveCfg = Release|Any CPU
		{1C17FECC-4DC1-4D83-BD0E-2F9CAAC7C38F}.Release|Any CPU.Build.0 = Release|Any CPU
		{A5E7864E-38AC-42F4-A7EC-42CBB40BF321}.Debug|Any CPU.ActiveCfg = Debug|Any CPU
		{A5E7864E-38AC-42F4-A7EC-42CBB40BF321}.Debug|Any CPU.Build.0 = Debug|Any CPU
		{A5E7864E-38AC-42F4-A7EC-42CBB40BF321}.Release|Any CPU.ActiveCfg = Release|Any CPU
		{A5E7864E-38AC-42F4-A7EC-42CBB40BF321}.Release|Any CPU.Build.0 = Release|Any CPU
		{1E313043-1C65-4E7E-A7CB-17822D4BD90E}.Debug|Any CPU.ActiveCfg = Debug|Any CPU
		{1E313043-1C65-4E7E-A7CB-17822D4BD90E}.Debug|Any CPU.Build.0 = Debug|Any CPU
		{1E313043-1C65-4E7E-A7CB-17822D4BD90E}.Release|Any CPU.ActiveCfg = Release|Any CPU
		{1E313043-1C65-4E7E-A7CB-17822D4BD90E}.Release|Any CPU.Build.0 = Release|Any CPU
		{A088A7A6-E560-472F-A4F3-3F0443CB4EC1}.Debug|Any CPU.ActiveCfg = Debug|Any CPU
		{A088A7A6-E560-472F-A4F3-3F0443CB4EC1}.Debug|Any CPU.Build.0 = Debug|Any CPU
		{A088A7A6-E560-472F-A4F3-3F0443CB4EC1}.Release|Any CPU.ActiveCfg = Release|Any CPU
		{A088A7A6-E560-472F-A4F3-3F0443CB4EC1}.Release|Any CPU.Build.0 = Release|Any CPU
		{F6D99F9E-26D4-43DC-B65C-52252B058653}.Debug|Any CPU.ActiveCfg = Debug|Any CPU
		{F6D99F9E-26D4-43DC-B65C-52252B058653}.Debug|Any CPU.Build.0 = Debug|Any CPU
		{F6D99F9E-26D4-43DC-B65C-52252B058653}.Release|Any CPU.ActiveCfg = Release|Any CPU
		{F6D99F9E-26D4-43DC-B65C-52252B058653}.Release|Any CPU.Build.0 = Release|Any CPU
		{71DE5E00-02E7-4C1F-9F3D-FB23F960C1C7}.Debug|Any CPU.ActiveCfg = Debug|Any CPU
		{71DE5E00-02E7-4C1F-9F3D-FB23F960C1C7}.Debug|Any CPU.Build.0 = Debug|Any CPU
		{71DE5E00-02E7-4C1F-9F3D-FB23F960C1C7}.Release|Any CPU.ActiveCfg = Release|Any CPU
		{71DE5E00-02E7-4C1F-9F3D-FB23F960C1C7}.Release|Any CPU.Build.0 = Release|Any CPU
		{FB8705B2-E400-4C40-833A-A6DADA878323}.Debug|Any CPU.ActiveCfg = Debug|Any CPU
		{FB8705B2-E400-4C40-833A-A6DADA878323}.Debug|Any CPU.Build.0 = Debug|Any CPU
		{FB8705B2-E400-4C40-833A-A6DADA878323}.Release|Any CPU.ActiveCfg = Release|Any CPU
		{FB8705B2-E400-4C40-833A-A6DADA878323}.Release|Any CPU.Build.0 = Release|Any CPU
		{2D3AF018-140F-425C-A69E-8FDCA45E8128}.Debug|Any CPU.ActiveCfg = Debug|Any CPU
		{2D3AF018-140F-425C-A69E-8FDCA45E8128}.Debug|Any CPU.Build.0 = Debug|Any CPU
		{2D3AF018-140F-425C-A69E-8FDCA45E8128}.Release|Any CPU.ActiveCfg = Release|Any CPU
		{2D3AF018-140F-425C-A69E-8FDCA45E8128}.Release|Any CPU.Build.0 = Release|Any CPU
		{2D49FC88-6F6E-42C4-AD06-A8B41CB143F9}.Debug|Any CPU.ActiveCfg = Debug|Any CPU
		{2D49FC88-6F6E-42C4-AD06-A8B41CB143F9}.Debug|Any CPU.Build.0 = Debug|Any CPU
		{2D49FC88-6F6E-42C4-AD06-A8B41CB143F9}.Release|Any CPU.ActiveCfg = Release|Any CPU
		{2D49FC88-6F6E-42C4-AD06-A8B41CB143F9}.Release|Any CPU.Build.0 = Release|Any CPU
		{9B3F7C1A-80CA-4788-8F59-F73E9BD34CC9}.Debug|Any CPU.ActiveCfg = Debug|Any CPU
		{9B3F7C1A-80CA-4788-8F59-F73E9BD34CC9}.Debug|Any CPU.Build.0 = Debug|Any CPU
		{9B3F7C1A-80CA-4788-8F59-F73E9BD34CC9}.Release|Any CPU.ActiveCfg = Release|Any CPU
		{9B3F7C1A-80CA-4788-8F59-F73E9BD34CC9}.Release|Any CPU.Build.0 = Release|Any CPU
	EndGlobalSection
	GlobalSection(SolutionProperties) = preSolution
		HideSolutionNode = FALSE
	EndGlobalSection
	GlobalSection(NestedProjects) = preSolution
		{ADC77A11-0B93-44CE-835C-3249E3C2D76F} = {890D610C-5D9A-4129-B632-C9B6BE804224}
		{33D06A99-E04C-420B-81DF-747AE2EFBED3} = {890D610C-5D9A-4129-B632-C9B6BE804224}
		{1C17FECC-4DC1-4D83-BD0E-2F9CAAC7C38F} = {890D610C-5D9A-4129-B632-C9B6BE804224}
		{A5E7864E-38AC-42F4-A7EC-42CBB40BF321} = {58D5C0E4-C205-4D36-A9D7-7B91CFD1D6F2}
		{1E313043-1C65-4E7E-A7CB-17822D4BD90E} = {58D5C0E4-C205-4D36-A9D7-7B91CFD1D6F2}
		{A088A7A6-E560-472F-A4F3-3F0443CB4EC1} = {58D5C0E4-C205-4D36-A9D7-7B91CFD1D6F2}
		{F6D99F9E-26D4-43DC-B65C-52252B058653} = {B0A1AC86-BC3B-4989-8951-1DFAFED899E1}
		{71DE5E00-02E7-4C1F-9F3D-FB23F960C1C7} = {B0A1AC86-BC3B-4989-8951-1DFAFED899E1}
		{FB8705B2-E400-4C40-833A-A6DADA878323} = {B0A1AC86-BC3B-4989-8951-1DFAFED899E1}
		{2D3AF018-140F-425C-A69E-8FDCA45E8128} = {B4FF01D6-B3B9-46C6-8C38-11DB03981AC8}
		{2D49FC88-6F6E-42C4-AD06-A8B41CB143F9} = {B4FF01D6-B3B9-46C6-8C38-11DB03981AC8}
		{9B3F7C1A-80CA-4788-8F59-F73E9BD34CC9} = {B4FF01D6-B3B9-46C6-8C38-11DB03981AC8}
	EndGlobalSection
	GlobalSection(ExtensibilityGlobals) = postSolution
		SolutionGuid = {AC697E19-B6CE-4263-8867-A7A0230B2F63}
	EndGlobalSection
EndGlobal
